// !$*UTF8*$!
{
	archiveVersion = 1;
	classes = {
	};
	objectVersion = 55;
	objects = {

/* Begin PBXBuildFile section */
		127DF8D32809ADB400D9308C /* AppDelegate.swift in Sources */ = {isa = PBXBuildFile; fileRef = 127DF8D22809ADB400D9308C /* AppDelegate.swift */; };
		127DF8D52809ADB400D9308C /* SceneDelegate.swift in Sources */ = {isa = PBXBuildFile; fileRef = 127DF8D42809ADB400D9308C /* SceneDelegate.swift */; };
		127DF8D72809ADB400D9308C /* ViewController.swift in Sources */ = {isa = PBXBuildFile; fileRef = 127DF8D62809ADB400D9308C /* ViewController.swift */; };
		127DF8DA2809ADB400D9308C /* Main.storyboard in Resources */ = {isa = PBXBuildFile; fileRef = 127DF8D82809ADB400D9308C /* Main.storyboard */; };
		127DF8DC2809ADB500D9308C /* Assets.xcassets in Resources */ = {isa = PBXBuildFile; fileRef = 127DF8DB2809ADB500D9308C /* Assets.xcassets */; };
		127DF8DF2809ADB500D9308C /* LaunchScreen.storyboard in Resources */ = {isa = PBXBuildFile; fileRef = 127DF8DD2809ADB500D9308C /* LaunchScreen.storyboard */; };
		127DF8EA2809ADB500D9308C /* Jest_Alg_l_y_c_larTests.swift in Sources */ = {isa = PBXBuildFile; fileRef = 127DF8E92809ADB500D9308C /* Jest_Alg_l_y_c_larTests.swift */; };
		127DF8F42809ADB500D9308C /* Jest_Alg_l_y_c_larUITests.swift in Sources */ = {isa = PBXBuildFile; fileRef = 127DF8F32809ADB500D9308C /* Jest_Alg_l_y_c_larUITests.swift */; };
		127DF8F62809ADB500D9308C /* Jest_Alg_l_y_c_larUITestsLaunchTests.swift in Sources */ = {isa = PBXBuildFile; fileRef = 127DF8F52809ADB500D9308C /* Jest_Alg_l_y_c_larUITestsLaunchTests.swift */; };
/* End PBXBuildFile section */

/* Begin PBXContainerItemProxy section */
		127DF8E62809ADB500D9308C /* PBXContainerItemProxy */ = {
			isa = PBXContainerItemProxy;
			containerPortal = 127DF8C72809ADB400D9308C /* Project object */;
			proxyType = 1;
			remoteGlobalIDString = 127DF8CE2809ADB400D9308C;
			remoteInfo = "Jest Algılıyıcılar";
		};
		127DF8F02809ADB500D9308C /* PBXContainerItemProxy */ = {
			isa = PBXContainerItemProxy;
			containerPortal = 127DF8C72809ADB400D9308C /* Project object */;
			proxyType = 1;
			remoteGlobalIDString = 127DF8CE2809ADB400D9308C;
			remoteInfo = "Jest Algılıyıcılar";
		};
/* End PBXContainerItemProxy section */

/* Begin PBXFileReference section */
		127DF8CF2809ADB400D9308C /* Jest Algılıyıcılar.app */ = {isa = PBXFileReference; explicitFileType = wrapper.application; includeInIndex = 0; path = "Jest Algılıyıcılar.app"; sourceTree = BUILT_PRODUCTS_DIR; };
		127DF8D22809ADB400D9308C /* AppDelegate.swift */ = {isa = PBXFileReference; lastKnownFileType = sourcecode.swift; path = AppDelegate.swift; sourceTree = "<group>"; };
		127DF8D42809ADB400D9308C /* SceneDelegate.swift */ = {isa = PBXFileReference; lastKnownFileType = sourcecode.swift; path = SceneDelegate.swift; sourceTree = "<group>"; };
		127DF8D62809ADB400D9308C /* ViewController.swift */ = {isa = PBXFileReference; lastKnownFileType = sourcecode.swift; path = ViewController.swift; sourceTree = "<group>"; };
		127DF8D92809ADB400D9308C /* Base */ = {isa = PBXFileReference; lastKnownFileType = file.storyboard; name = Base; path = Base.lproj/Main.storyboard; sourceTree = "<group>"; };
		127DF8DB2809ADB500D9308C /* Assets.xcassets */ = {isa = PBXFileReference; lastKnownFileType = folder.assetcatalog; path = Assets.xcassets; sourceTree = "<group>"; };
		127DF8DE2809ADB500D9308C /* Base */ = {isa = PBXFileReference; lastKnownFileType = file.storyboard; name = Base; path = Base.lproj/LaunchScreen.storyboard; sourceTree = "<group>"; };
		127DF8E02809ADB500D9308C /* Info.plist */ = {isa = PBXFileReference; lastKnownFileType = text.plist.xml; path = Info.plist; sourceTree = "<group>"; };
		127DF8E52809ADB500D9308C /* Jest AlgılıyıcılarTests.xctest */ = {isa = PBXFileReference; explicitFileType = wrapper.cfbundle; includeInIndex = 0; path = "Jest AlgılıyıcılarTests.xctest"; sourceTree = BUILT_PRODUCTS_DIR; };
		127DF8E92809ADB500D9308C /* Jest_Alg_l_y_c_larTests.swift */ = {isa = PBXFileReference; lastKnownFileType = sourcecode.swift; path = Jest_Alg_l_y_c_larTests.swift; sourceTree = "<group>"; };
		127DF8EF2809ADB500D9308C /* Jest AlgılıyıcılarUITests.xctest */ = {isa = PBXFileReference; explicitFileType = wrapper.cfbundle; includeInIndex = 0; path = "Jest AlgılıyıcılarUITests.xctest"; sourceTree = BUILT_PRODUCTS_DIR; };
		127DF8F32809ADB500D9308C /* Jest_Alg_l_y_c_larUITests.swift */ = {isa = PBXFileReference; lastKnownFileType = sourcecode.swift; path = Jest_Alg_l_y_c_larUITests.swift; sourceTree = "<group>"; };
		127DF8F52809ADB500D9308C /* Jest_Alg_l_y_c_larUITestsLaunchTests.swift */ = {isa = PBXFileReference; lastKnownFileType = sourcecode.swift; path = Jest_Alg_l_y_c_larUITestsLaunchTests.swift; sourceTree = "<group>"; };
/* End PBXFileReference section */

/* Begin PBXFrameworksBuildPhase section */
		127DF8CC2809ADB400D9308C /* Frameworks */ = {
			isa = PBXFrameworksBuildPhase;
			buildActionMask = 2147483647;
			files = (
			);
			runOnlyForDeploymentPostprocessing = 0;
		};
		127DF8E22809ADB500D9308C /* Frameworks */ = {
			isa = PBXFrameworksBuildPhase;
			buildActionMask = 2147483647;
			files = (
			);
			runOnlyForDeploymentPostprocessing = 0;
		};
		127DF8EC2809ADB500D9308C /* Frameworks */ = {
			isa = PBXFrameworksBuildPhase;
			buildActionMask = 2147483647;
			files = (
			);
			runOnlyForDeploymentPostprocessing = 0;
		};
/* End PBXFrameworksBuildPhase section */

/* Begin PBXGroup section */
		127DF8C62809ADB400D9308C = {
			isa = PBXGroup;
			children = (
				127DF8D12809ADB400D9308C /* Jest Algılıyıcılar */,
				127DF8E82809ADB500D9308C /* Jest AlgılıyıcılarTests */,
				127DF8F22809ADB500D9308C /* Jest AlgılıyıcılarUITests */,
				127DF8D02809ADB400D9308C /* Products */,
			);
			sourceTree = "<group>";
		};
		127DF8D02809ADB400D9308C /* Products */ = {
			isa = PBXGroup;
			children = (
				127DF8CF2809ADB400D9308C /* Jest Algılıyıcılar.app */,
				127DF8E52809ADB500D9308C /* Jest AlgılıyıcılarTests.xctest */,
				127DF8EF2809ADB500D9308C /* Jest AlgılıyıcılarUITests.xctest */,
			);
			name = Products;
			sourceTree = "<group>";
		};
		127DF8D12809ADB400D9308C /* Jest Algılıyıcılar */ = {
			isa = PBXGroup;
			children = (
				127DF8D22809ADB400D9308C /* AppDelegate.swift */,
				127DF8D42809ADB400D9308C /* SceneDelegate.swift */,
				127DF8D62809ADB400D9308C /* ViewController.swift */,
				127DF8D82809ADB400D9308C /* Main.storyboard */,
				127DF8DB2809ADB500D9308C /* Assets.xcassets */,
				127DF8DD2809ADB500D9308C /* LaunchScreen.storyboard */,
				127DF8E02809ADB500D9308C /* Info.plist */,
			);
			path = "Jest Algılıyıcılar";
			sourceTree = "<group>";
		};
		127DF8E82809ADB500D9308C /* Jest AlgılıyıcılarTests */ = {
			isa = PBXGroup;
			children = (
				127DF8E92809ADB500D9308C /* Jest_Alg_l_y_c_larTests.swift */,
			);
			path = "Jest AlgılıyıcılarTests";
			sourceTree = "<group>";
		};
		127DF8F22809ADB500D9308C /* Jest AlgılıyıcılarUITests */ = {
			isa = PBXGroup;
			children = (
				127DF8F32809ADB500D9308C /* Jest_Alg_l_y_c_larUITests.swift */,
				127DF8F52809ADB500D9308C /* Jest_Alg_l_y_c_larUITestsLaunchTests.swift */,
			);
			path = "Jest AlgılıyıcılarUITests";
			sourceTree = "<group>";
		};
/* End PBXGroup section */

/* Begin PBXNativeTarget section */
		127DF8CE2809ADB400D9308C /* Jest Algılıyıcılar */ = {
			isa = PBXNativeTarget;
			buildConfigurationList = 127DF8F92809ADB500D9308C /* Build configuration list for PBXNativeTarget "Jest Algılıyıcılar" */;
			buildPhases = (
				127DF8CB2809ADB400D9308C /* Sources */,
				127DF8CC2809ADB400D9308C /* Frameworks */,
				127DF8CD2809ADB400D9308C /* Resources */,
			);
			buildRules = (
			);
			dependencies = (
			);
			name = "Jest Algılıyıcılar";
			productName = "Jest Algılıyıcılar";
			productReference = 127DF8CF2809ADB400D9308C /* Jest Algılıyıcılar.app */;
			productType = "com.apple.product-type.application";
		};
		127DF8E42809ADB500D9308C /* Jest AlgılıyıcılarTests */ = {
			isa = PBXNativeTarget;
			buildConfigurationList = 127DF8FC2809ADB500D9308C /* Build configuration list for PBXNativeTarget "Jest AlgılıyıcılarTests" */;
			buildPhases = (
				127DF8E12809ADB500D9308C /* Sources */,
				127DF8E22809ADB500D9308C /* Frameworks */,
				127DF8E32809ADB500D9308C /* Resources */,
			);
			buildRules = (
			);
			dependencies = (
				127DF8E72809ADB500D9308C /* PBXTargetDependency */,
			);
			name = "Jest AlgılıyıcılarTests";
			productName = "Jest AlgılıyıcılarTests";
			productReference = 127DF8E52809ADB500D9308C /* Jest AlgılıyıcılarTests.xctest */;
			productType = "com.apple.product-type.bundle.unit-test";
		};
		127DF8EE2809ADB500D9308C /* Jest AlgılıyıcılarUITests */ = {
			isa = PBXNativeTarget;
			buildConfigurationList = 127DF8FF2809ADB500D9308C /* Build configuration list for PBXNativeTarget "Jest AlgılıyıcılarUITests" */;
			buildPhases = (
				127DF8EB2809ADB500D9308C /* Sources */,
				127DF8EC2809ADB500D9308C /* Frameworks */,
				127DF8ED2809ADB500D9308C /* Resources */,
			);
			buildRules = (
			);
			dependencies = (
				127DF8F12809ADB500D9308C /* PBXTargetDependency */,
			);
			name = "Jest AlgılıyıcılarUITests";
			productName = "Jest AlgılıyıcılarUITests";
			productReference = 127DF8EF2809ADB500D9308C /* Jest AlgılıyıcılarUITests.xctest */;
			productType = "com.apple.product-type.bundle.ui-testing";
		};
/* End PBXNativeTarget section */

/* Begin PBXProject section */
		127DF8C72809ADB400D9308C /* Project object */ = {
			isa = PBXProject;
			attributes = {
				BuildIndependentTargetsInParallel = 1;
				LastSwiftUpdateCheck = 1330;
				LastUpgradeCheck = 1330;
				TargetAttributes = {
					127DF8CE2809ADB400D9308C = {
						CreatedOnToolsVersion = 13.3;
					};
					127DF8E42809ADB500D9308C = {
						CreatedOnToolsVersion = 13.3;
						TestTargetID = 127DF8CE2809ADB400D9308C;
					};
					127DF8EE2809ADB500D9308C = {
						CreatedOnToolsVersion = 13.3;
						TestTargetID = 127DF8CE2809ADB400D9308C;
					};
				};
			};
			buildConfigurationList = 127DF8CA2809ADB400D9308C /* Build configuration list for PBXProject "Jest Algılıyıcılar" */;
			compatibilityVersion = "Xcode 13.0";
			developmentRegion = en;
			hasScannedForEncodings = 0;
			knownRegions = (
				en,
				Base,
			);
			mainGroup = 127DF8C62809ADB400D9308C;
			productRefGroup = 127DF8D02809ADB400D9308C /* Products */;
			projectDirPath = "";
			projectRoot = "";
			targets = (
				127DF8CE2809ADB400D9308C /* Jest Algılıyıcılar */,
				127DF8E42809ADB500D9308C /* Jest AlgılıyıcılarTests */,
				127DF8EE2809ADB500D9308C /* Jest AlgılıyıcılarUITests */,
			);
		};
/* End PBXProject section */

/* Begin PBXResourcesBuildPhase section */
		127DF8CD2809ADB400D9308C /* Resources */ = {
			isa = PBXResourcesBuildPhase;
			buildActionMask = 2147483647;
			files = (
				127DF8DF2809ADB500D9308C /* LaunchScreen.storyboard in Resources */,
				127DF8DC2809ADB500D9308C /* Assets.xcassets in Resources */,
				127DF8DA2809ADB400D9308C /* Main.storyboard in Resources */,
			);
			runOnlyForDeploymentPostprocessing = 0;
		};
		127DF8E32809ADB500D9308C /* Resources */ = {
			isa = PBXResourcesBuildPhase;
			buildActionMask = 2147483647;
			files = (
			);
			runOnlyForDeploymentPostprocessing = 0;
		};
		127DF8ED2809ADB500D9308C /* Resources */ = {
			isa = PBXResourcesBuildPhase;
			buildActionMask = 2147483647;
			files = (
			);
			runOnlyForDeploymentPostprocessing = 0;
		};
/* End PBXResourcesBuildPhase section */

/* Begin PBXSourcesBuildPhase section */
		127DF8CB2809ADB400D9308C /* Sources */ = {
			isa = PBXSourcesBuildPhase;
			buildActionMask = 2147483647;
			files = (
				127DF8D72809ADB400D9308C /* ViewController.swift in Sources */,
				127DF8D32809ADB400D9308C /* AppDelegate.swift in Sources */,
				127DF8D52809ADB400D9308C /* SceneDelegate.swift in Sources */,
			);
			runOnlyForDeploymentPostprocessing = 0;
		};
		127DF8E12809ADB500D9308C /* Sources */ = {
			isa = PBXSourcesBuildPhase;
			buildActionMask = 2147483647;
			files = (
				127DF8EA2809ADB500D9308C /* Jest_Alg_l_y_c_larTests.swift in Sources */,
			);
			runOnlyForDeploymentPostprocessing = 0;
		};
		127DF8EB2809ADB500D9308C /* Sources */ = {
			isa = PBXSourcesBuildPhase;
			buildActionMask = 2147483647;
			files = (
				127DF8F62809ADB500D9308C /* Jest_Alg_l_y_c_larUITestsLaunchTests.swift in Sources */,
				127DF8F42809ADB500D9308C /* Jest_Alg_l_y_c_larUITests.swift in Sources */,
			);
			runOnlyForDeploymentPostprocessing = 0;
		};
/* End PBXSourcesBuildPhase section */

/* Begin PBXTargetDependency section */
		127DF8E72809ADB500D9308C /* PBXTargetDependency */ = {
			isa = PBXTargetDependency;
			target = 127DF8CE2809ADB400D9308C /* Jest Algılıyıcılar */;
			targetProxy = 127DF8E62809ADB500D9308C /* PBXContainerItemProxy */;
		};
		127DF8F12809ADB500D9308C /* PBXTargetDependency */ = {
			isa = PBXTargetDependency;
			target = 127DF8CE2809ADB400D9308C /* Jest Algılıyıcılar */;
			targetProxy = 127DF8F02809ADB500D9308C /* PBXContainerItemProxy */;
		};
/* End PBXTargetDependency section */

/* Begin PBXVariantGroup section */
		127DF8D82809ADB400D9308C /* Main.storyboard */ = {
			isa = PBXVariantGroup;
			children = (
				127DF8D92809ADB400D9308C /* Base */,
			);
			name = Main.storyboard;
			sourceTree = "<group>";
		};
		127DF8DD2809ADB500D9308C /* LaunchScreen.storyboard */ = {
			isa = PBXVariantGroup;
			children = (
				127DF8DE2809ADB500D9308C /* Base */,
			);
			name = LaunchScreen.storyboard;
			sourceTree = "<group>";
		};
/* End PBXVariantGroup section */

/* Begin XCBuildConfiguration section */
		127DF8F72809ADB500D9308C /* Debug */ = {
			isa = XCBuildConfiguration;
			buildSettings = {
				ALWAYS_SEARCH_USER_PATHS = NO;
				CLANG_ANALYZER_NONNULL = YES;
				CLANG_ANALYZER_NUMBER_OBJECT_CONVERSION = YES_AGGRESSIVE;
				CLANG_CXX_LANGUAGE_STANDARD = "gnu++17";
				CLANG_ENABLE_MODULES = YES;
				CLANG_ENABLE_OBJC_ARC = YES;
				CLANG_ENABLE_OBJC_WEAK = YES;
				CLANG_WARN_BLOCK_CAPTURE_AUTORELEASING = YES;
				CLANG_WARN_BOOL_CONVERSION = YES;
				CLANG_WARN_COMMA = YES;
				CLANG_WARN_CONSTANT_CONVERSION = YES;
				CLANG_WARN_DEPRECATED_OBJC_IMPLEMENTATIONS = YES;
				CLANG_WARN_DIRECT_OBJC_ISA_USAGE = YES_ERROR;
				CLANG_WARN_DOCUMENTATION_COMMENTS = YES;
				CLANG_WARN_EMPTY_BODY = YES;
				CLANG_WARN_ENUM_CONVERSION = YES;
				CLANG_WARN_INFINITE_RECURSION = YES;
				CLANG_WARN_INT_CONVERSION = YES;
				CLANG_WARN_NON_LITERAL_NULL_CONVERSION = YES;
				CLANG_WARN_OBJC_IMPLICIT_RETAIN_SELF = YES;
				CLANG_WARN_OBJC_LITERAL_CONVERSION = YES;
				CLANG_WARN_OBJC_ROOT_CLASS = YES_ERROR;
				CLANG_WARN_QUOTED_INCLUDE_IN_FRAMEWORK_HEADER = YES;
				CLANG_WARN_RANGE_LOOP_ANALYSIS = YES;
				CLANG_WARN_STRICT_PROTOTYPES = YES;
				CLANG_WARN_SUSPICIOUS_MOVE = YES;
				CLANG_WARN_UNGUARDED_AVAILABILITY = YES_AGGRESSIVE;
				CLANG_WARN_UNREACHABLE_CODE = YES;
				CLANG_WARN__DUPLICATE_METHOD_MATCH = YES;
				COPY_PHASE_STRIP = NO;
				DEBUG_INFORMATION_FORMAT = dwarf;
				ENABLE_STRICT_OBJC_MSGSEND = YES;
				ENABLE_TESTABILITY = YES;
				GCC_C_LANGUAGE_STANDARD = gnu11;
				GCC_DYNAMIC_NO_PIC = NO;
				GCC_NO_COMMON_BLOCKS = YES;
				GCC_OPTIMIZATION_LEVEL = 0;
				GCC_PREPROCESSOR_DEFINITIONS = (
					"DEBUG=1",
					"$(inherited)",
				);
				GCC_WARN_64_TO_32_BIT_CONVERSION = YES;
				GCC_WARN_ABOUT_RETURN_TYPE = YES_ERROR;
				GCC_WARN_UNDECLARED_SELECTOR = YES;
				GCC_WARN_UNINITIALIZED_AUTOS = YES_AGGRESSIVE;
				GCC_WARN_UNUSED_FUNCTION = YES;
				GCC_WARN_UNUSED_VARIABLE = YES;
				IPHONEOS_DEPLOYMENT_TARGET = 15.4;
				MTL_ENABLE_DEBUG_INFO = INCLUDE_SOURCE;
				MTL_FAST_MATH = YES;
				ONLY_ACTIVE_ARCH = YES;
				SDKROOT = iphoneos;
				SWIFT_ACTIVE_COMPILATION_CONDITIONS = DEBUG;
				SWIFT_OPTIMIZATION_LEVEL = "-Onone";
			};
			name = Debug;
		};
		127DF8F82809ADB500D9308C /* Release */ = {
			isa = XCBuildConfiguration;
			buildSettings = {
				ALWAYS_SEARCH_USER_PATHS = NO;
				CLANG_ANALYZER_NONNULL = YES;
				CLANG_ANALYZER_NUMBER_OBJECT_CONVERSION = YES_AGGRESSIVE;
				CLANG_CXX_LANGUAGE_STANDARD = "gnu++17";
				CLANG_ENABLE_MODULES = YES;
				CLANG_ENABLE_OBJC_ARC = YES;
				CLANG_ENABLE_OBJC_WEAK = YES;
				CLANG_WARN_BLOCK_CAPTURE_AUTORELEASING = YES;
				CLANG_WARN_BOOL_CONVERSION = YES;
				CLANG_WARN_COMMA = YES;
				CLANG_WARN_CONSTANT_CONVERSION = YES;
				CLANG_WARN_DEPRECATED_OBJC_IMPLEMENTATIONS = YES;
				CLANG_WARN_DIRECT_OBJC_ISA_USAGE = YES_ERROR;
				CLANG_WARN_DOCUMENTATION_COMMENTS = YES;
				CLANG_WARN_EMPTY_BODY = YES;
				CLANG_WARN_ENUM_CONVERSION = YES;
				CLANG_WARN_INFINITE_RECURSION = YES;
				CLANG_WARN_INT_CONVERSION = YES;
				CLANG_WARN_NON_LITERAL_NULL_CONVERSION = YES;
				CLANG_WARN_OBJC_IMPLICIT_RETAIN_SELF = YES;
				CLANG_WARN_OBJC_LITERAL_CONVERSION = YES;
				CLANG_WARN_OBJC_ROOT_CLASS = YES_ERROR;
				CLANG_WARN_QUOTED_INCLUDE_IN_FRAMEWORK_HEADER = YES;
				CLANG_WARN_RANGE_LOOP_ANALYSIS = YES;
				CLANG_WARN_STRICT_PROTOTYPES = YES;
				CLANG_WARN_SUSPICIOUS_MOVE = YES;
				CLANG_WARN_UNGUARDED_AVAILABILITY = YES_AGGRESSIVE;
				CLANG_WARN_UNREACHABLE_CODE = YES;
				CLANG_WARN__DUPLICATE_METHOD_MATCH = YES;
				COPY_PHASE_STRIP = NO;
				DEBUG_INFORMATION_FORMAT = "dwarf-with-dsym";
				ENABLE_NS_ASSERTIONS = NO;
				ENABLE_STRICT_OBJC_MSGSEND = YES;
				GCC_C_LANGUAGE_STANDARD = gnu11;
				GCC_NO_COMMON_BLOCKS = YES;
				GCC_WARN_64_TO_32_BIT_CONVERSION = YES;
				GCC_WARN_ABOUT_RETURN_TYPE = YES_ERROR;
				GCC_WARN_UNDECLARED_SELECTOR = YES;
				GCC_WARN_UNINITIALIZED_AUTOS = YES_AGGRESSIVE;
				GCC_WARN_UNUSED_FUNCTION = YES;
				GCC_WARN_UNUSED_VARIABLE = YES;
				IPHONEOS_DEPLOYMENT_TARGET = 15.4;
				MTL_ENABLE_DEBUG_INFO = NO;
				MTL_FAST_MATH = YES;
				SDKROOT = iphoneos;
				SWIFT_COMPILATION_MODE = wholemodule;
				SWIFT_OPTIMIZATION_LEVEL = "-O";
				VALIDATE_PRODUCT = YES;
			};
			name = Release;
		};
		127DF8FA2809ADB500D9308C /* Debug */ = {
			isa = XCBuildConfiguration;
			buildSettings = {
				ASSETCATALOG_COMPILER_APPICON_NAME = AppIcon;
				ASSETCATALOG_COMPILER_GLOBAL_ACCENT_COLOR_NAME = AccentColor;
				CODE_SIGN_STYLE = Automatic;
				CURRENT_PROJECT_VERSION = 1;
				GENERATE_INFOPLIST_FILE = YES;
				INFOPLIST_FILE = "Jest Algılıyıcılar/Info.plist";
				INFOPLIST_KEY_UIApplicationSupportsIndirectInputEvents = YES;
				INFOPLIST_KEY_UILaunchStoryboardName = LaunchScreen;
				INFOPLIST_KEY_UIMainStoryboardFile = Main;
				INFOPLIST_KEY_UISupportedInterfaceOrientations_iPad = "UIInterfaceOrientationPortrait UIInterfaceOrientationPortraitUpsideDown UIInterfaceOrientationLandscapeLeft UIInterfaceOrientationLandscapeRight";
				INFOPLIST_KEY_UISupportedInterfaceOrientations_iPhone = "UIInterfaceOrientationPortrait UIInterfaceOrientationLandscapeLeft UIInterfaceOrientationLandscapeRight";
				LD_RUNPATH_SEARCH_PATHS = (
					"$(inherited)",
					"@executable_path/Frameworks",
				);
				MARKETING_VERSION = 1.0;
				PRODUCT_BUNDLE_IDENTIFIER = "com.nimetapaydin.Jest-Alg-l-y-c-lar";
				PRODUCT_NAME = "$(TARGET_NAME)";
				SWIFT_EMIT_LOC_STRINGS = YES;
				SWIFT_VERSION = 5.0;
				TARGETED_DEVICE_FAMILY = "1,2";
			};
			name = Debug;
		};
		127DF8FB2809ADB500D9308C /* Release */ = {
			isa = XCBuildConfiguration;
			buildSettings = {
				ASSETCATALOG_COMPILER_APPICON_NAME = AppIcon;
				ASSETCATALOG_COMPILER_GLOBAL_ACCENT_COLOR_NAME = AccentColor;
				CODE_SIGN_STYLE = Automatic;
				CURRENT_PROJECT_VERSION = 1;
				GENERATE_INFOPLIST_FILE = YES;
				INFOPLIST_FILE = "Jest Algılıyıcılar/Info.plist";
				INFOPLIST_KEY_UIApplicationSupportsIndirectInputEvents = YES;
				INFOPLIST_KEY_UILaunchStoryboardName = LaunchScreen;
				INFOPLIST_KEY_UIMainStoryboardFile = Main;
				INFOPLIST_KEY_UISupportedInterfaceOrientations_iPad = "UIInterfaceOrientationPortrait UIInterfaceOrientationPortraitUpsideDown UIInterfaceOrientationLandscapeLeft UIInterfaceOrientationLandscapeRight";
				INFOPLIST_KEY_UISupportedInterfaceOrientations_iPhone = "UIInterfaceOrientationPortrait UIInterfaceOrientationLandscapeLeft UIInterfaceOrientationLandscapeRight";
				LD_RUNPATH_SEARCH_PATHS = (
					"$(inherited)",
					"@executable_path/Frameworks",
				);
				MARKETING_VERSION = 1.0;
				PRODUCT_BUNDLE_IDENTIFIER = "com.nimetapaydin.Jest-Alg-l-y-c-lar";
				PRODUCT_NAME = "$(TARGET_NAME)";
				SWIFT_EMIT_LOC_STRINGS = YES;
				SWIFT_VERSION = 5.0;
				TARGETED_DEVICE_FAMILY = "1,2";
			};
			name = Release;
		};
		127DF8FD2809ADB500D9308C /* Debug */ = {
			isa = XCBuildConfiguration;
			buildSettings = {
				ALWAYS_EMBED_SWIFT_STANDARD_LIBRARIES = YES;
				BUNDLE_LOADER = "$(TEST_HOST)";
				CODE_SIGN_STYLE = Automatic;
				CURRENT_PROJECT_VERSION = 1;
				GENERATE_INFOPLIST_FILE = YES;
				IPHONEOS_DEPLOYMENT_TARGET = 15.4;
				MARKETING_VERSION = 1.0;
				PRODUCT_BUNDLE_IDENTIFIER = "com.nimetapaydin.Jest-Alg-l-y-c-larTests";
				PRODUCT_NAME = "$(TARGET_NAME)";
				SWIFT_EMIT_LOC_STRINGS = NO;
				SWIFT_VERSION = 5.0;
				TARGETED_DEVICE_FAMILY = "1,2";
				TEST_HOST = "$(BUILT_PRODUCTS_DIR)/Jest Algılıyıcılar.app/Jest Algılıyıcılar";
			};
			name = Debug;
		};
		127DF8FE2809ADB500D9308C /* Release */ = {
			isa = XCBuildConfiguration;
			buildSettings = {
				ALWAYS_EMBED_SWIFT_STANDARD_LIBRARIES = YES;
				BUNDLE_LOADER = "$(TEST_HOST)";
				CODE_SIGN_STYLE = Automatic;
				CURRENT_PROJECT_VERSION = 1;
				GENERATE_INFOPLIST_FILE = YES;
				IPHONEOS_DEPLOYMENT_TARGET = 15.4;
				MARKETING_VERSION = 1.0;
				PRODUCT_BUNDLE_IDENTIFIER = "com.nimetapaydin.Jest-Alg-l-y-c-larTests";
				PRODUCT_NAME = "$(TARGET_NAME)";
				SWIFT_EMIT_LOC_STRINGS = NO;
				SWIFT_VERSION = 5.0;
				TARGETED_DEVICE_FAMILY = "1,2";
				TEST_HOST = "$(BUILT_PRODUCTS_DIR)/Jest Algılıyıcılar.app/Jest Algılıyıcılar";
			};
			name = Release;
		};
		127DF9002809ADB500D9308C /* Debug */ = {
			isa = XCBuildConfiguration;
			buildSettings = {
				ALWAYS_EMBED_SWIFT_STANDARD_LIBRARIES = YES;
				CODE_SIGN_STYLE = Automatic;
				CURRENT_PROJECT_VERSION = 1;
				GENERATE_INFOPLIST_FILE = YES;
				MARKETING_VERSION = 1.0;
				PRODUCT_BUNDLE_IDENTIFIER = "com.nimetapaydin.Jest-Alg-l-y-c-larUITests";
				PRODUCT_NAME = "$(TARGET_NAME)";
				SWIFT_EMIT_LOC_STRINGS = NO;
				SWIFT_VERSION = 5.0;
				TARGETED_DEVICE_FAMILY = "1,2";
				TEST_TARGET_NAME = "Jest Algılıyıcılar";
			};
			name = Debug;
		};
		127DF9012809ADB500D9308C /* Release */ = {
			isa = XCBuildConfiguration;
			buildSettings = {
				ALWAYS_EMBED_SWIFT_STANDARD_LIBRARIES = YES;
				CODE_SIGN_STYLE = Automatic;
				CURRENT_PROJECT_VERSION = 1;
				GENERATE_INFOPLIST_FILE = YES;
				MARKETING_VERSION = 1.0;
				PRODUCT_BUNDLE_IDENTIFIER = "com.nimetapaydin.Jest-Alg-l-y-c-larUITests";
				PRODUCT_NAME = "$(TARGET_NAME)";
				SWIFT_EMIT_LOC_STRINGS = NO;
				SWIFT_VERSION = 5.0;
				TARGETED_DEVICE_FAMILY = "1,2";
				TEST_TARGET_NAME = "Jest Algılıyıcılar";
			};
			name = Release;
		};
/* End XCBuildConfiguration section */

/* Begin XCConfigurationList section */
		127DF8CA2809ADB400D9308C /* Build configuration list for PBXProject "Jest Algılıyıcılar" */ = {
			isa = XCConfigurationList;
			buildConfigurations = (
				127DF8F72809ADB500D9308C /* Debug */,
				127DF8F82809ADB500D9308C /* Release */,
			);
			defaultConfigurationIsVisible = 0;
			defaultConfigurationName = Release;
		};
		127DF8F92809ADB500D9308C /* Build configuration list for PBXNativeTarget "Jest Algılıyıcılar" */ = {
			isa = XCConfigurationList;
			buildConfigurations = (
				127DF8FA2809ADB500D9308C /* Debug */,
				127DF8FB2809ADB500D9308C /* Release */,
			);
			defaultConfigurationIsVisible = 0;
			defaultConfigurationName = Release;
		};
		127DF8FC2809ADB500D9308C /* Build configuration list for PBXNativeTarget "Jest AlgılıyıcılarTests" */ = {
			isa = XCConfigurationList;
			buildConfigurations = (
				127DF8FD2809ADB500D9308C /* Debug */,
				127DF8FE2809ADB500D9308C /* Release */,
			);
			defaultConfigurationIsVisible = 0;
			defaultConfigurationName = Release;
		};
		127DF8FF2809ADB500D9308C /* Build configuration list for PBXNativeTarget "Jest AlgılıyıcılarUITests" */ = {
			isa = XCConfigurationList;
			buildConfigurations = (
				127DF9002809ADB500D9308C /* Debug */,
				127DF9012809ADB500D9308C /* Release */,
			);
			defaultConfigurationIsVisible = 0;
			defaultConfigurationName = Release;
		};
/* End XCConfigurationList section */
	};
	rootObject = 127DF8C72809ADB400D9308C /* Project object */;
}
