// !$*UTF8*$!
{
	archiveVersion = 1;
	classes = {
	};
	objectVersion = 55;
	objects = {

/* Begin PBXBuildFile section */
		12CCABFA280DEBF300169162 /* AppDelegate.swift in Sources */ = {isa = PBXBuildFile; fileRef = 12CCABF9280DEBF300169162 /* AppDelegate.swift */; };
		12CCABFC280DEBF300169162 /* SceneDelegate.swift in Sources */ = {isa = PBXBuildFile; fileRef = 12CCABFB280DEBF300169162 /* SceneDelegate.swift */; };
		12CCABFE280DEBF300169162 /* ViewController.swift in Sources */ = {isa = PBXBuildFile; fileRef = 12CCABFD280DEBF300169162 /* ViewController.swift */; };
		12CCAC01280DEBF300169162 /* Main.storyboard in Resources */ = {isa = PBXBuildFile; fileRef = 12CCABFF280DEBF300169162 /* Main.storyboard */; };
		12CCAC04280DEBF300169162 /* AlisVerisListesi.xcdatamodeld in Sources */ = {isa = PBXBuildFile; fileRef = 12CCAC02280DEBF300169162 /* AlisVerisListesi.xcdatamodeld */; };
		12CCAC06280DEBF400169162 /* Assets.xcassets in Resources */ = {isa = PBXBuildFile; fileRef = 12CCAC05280DEBF400169162 /* Assets.xcassets */; };
		12CCAC09280DEBF400169162 /* LaunchScreen.storyboard in Resources */ = {isa = PBXBuildFile; fileRef = 12CCAC07280DEBF400169162 /* LaunchScreen.storyboard */; };
		12CCAC14280DEBF400169162 /* AlisVerisListesiTests.swift in Sources */ = {isa = PBXBuildFile; fileRef = 12CCAC13280DEBF400169162 /* AlisVerisListesiTests.swift */; };
		12CCAC1E280DEBF400169162 /* AlisVerisListesiUITests.swift in Sources */ = {isa = PBXBuildFile; fileRef = 12CCAC1D280DEBF400169162 /* AlisVerisListesiUITests.swift */; };
		12CCAC20280DEBF400169162 /* AlisVerisListesiUITestsLaunchTests.swift in Sources */ = {isa = PBXBuildFile; fileRef = 12CCAC1F280DEBF400169162 /* AlisVerisListesiUITestsLaunchTests.swift */; };
		12CCAC2D280DF70F00169162 /* DetailsViewController.swift in Sources */ = {isa = PBXBuildFile; fileRef = 12CCAC2C280DF70F00169162 /* DetailsViewController.swift */; };
/* End PBXBuildFile section */

/* Begin PBXContainerItemProxy section */
		12CCAC10280DEBF400169162 /* PBXContainerItemProxy */ = {
			isa = PBXContainerItemProxy;
			containerPortal = 12CCABEE280DEBF300169162 /* Project object */;
			proxyType = 1;
			remoteGlobalIDString = 12CCABF5280DEBF300169162;
			remoteInfo = AlisVerisListesi;
		};
		12CCAC1A280DEBF400169162 /* PBXContainerItemProxy */ = {
			isa = PBXContainerItemProxy;
			containerPortal = 12CCABEE280DEBF300169162 /* Project object */;
			proxyType = 1;
			remoteGlobalIDString = 12CCABF5280DEBF300169162;
			remoteInfo = AlisVerisListesi;
		};
/* End PBXContainerItemProxy section */

/* Begin PBXFileReference section */
		12CCABF6280DEBF300169162 /* AlisVerisListesi.app */ = {isa = PBXFileReference; explicitFileType = wrapper.application; includeInIndex = 0; path = AlisVerisListesi.app; sourceTree = BUILT_PRODUCTS_DIR; };
		12CCABF9280DEBF300169162 /* AppDelegate.swift */ = {isa = PBXFileReference; lastKnownFileType = sourcecode.swift; path = AppDelegate.swift; sourceTree = "<group>"; };
		12CCABFB280DEBF300169162 /* SceneDelegate.swift */ = {isa = PBXFileReference; lastKnownFileType = sourcecode.swift; path = SceneDelegate.swift; sourceTree = "<group>"; };
		12CCABFD280DEBF300169162 /* ViewController.swift */ = {isa = PBXFileReference; lastKnownFileType = sourcecode.swift; path = ViewController.swift; sourceTree = "<group>"; };
		12CCAC00280DEBF300169162 /* Base */ = {isa = PBXFileReference; lastKnownFileType = file.storyboard; name = Base; path = Base.lproj/Main.storyboard; sourceTree = "<group>"; };
		12CCAC03280DEBF300169162 /* AlisVerisListesi.xcdatamodel */ = {isa = PBXFileReference; lastKnownFileType = wrapper.xcdatamodel; path = AlisVerisListesi.xcdatamodel; sourceTree = "<group>"; };
		12CCAC05280DEBF400169162 /* Assets.xcassets */ = {isa = PBXFileReference; lastKnownFileType = folder.assetcatalog; path = Assets.xcassets; sourceTree = "<group>"; };
		12CCAC08280DEBF400169162 /* Base */ = {isa = PBXFileReference; lastKnownFileType = file.storyboard; name = Base; path = Base.lproj/LaunchScreen.storyboard; sourceTree = "<group>"; };
		12CCAC0A280DEBF400169162 /* Info.plist */ = {isa = PBXFileReference; lastKnownFileType = text.plist.xml; path = Info.plist; sourceTree = "<group>"; };
		12CCAC0F280DEBF400169162 /* AlisVerisListesiTests.xctest */ = {isa = PBXFileReference; explicitFileType = wrapper.cfbundle; includeInIndex = 0; path = AlisVerisListesiTests.xctest; sourceTree = BUILT_PRODUCTS_DIR; };
		12CCAC13280DEBF400169162 /* AlisVerisListesiTests.swift */ = {isa = PBXFileReference; lastKnownFileType = sourcecode.swift; path = AlisVerisListesiTests.swift; sourceTree = "<group>"; };
		12CCAC19280DEBF400169162 /* AlisVerisListesiUITests.xctest */ = {isa = PBXFileReference; explicitFileType = wrapper.cfbundle; includeInIndex = 0; path = AlisVerisListesiUITests.xctest; sourceTree = BUILT_PRODUCTS_DIR; };
		12CCAC1D280DEBF400169162 /* AlisVerisListesiUITests.swift */ = {isa = PBXFileReference; lastKnownFileType = sourcecode.swift; path = AlisVerisListesiUITests.swift; sourceTree = "<group>"; };
		12CCAC1F280DEBF400169162 /* AlisVerisListesiUITestsLaunchTests.swift */ = {isa = PBXFileReference; lastKnownFileType = sourcecode.swift; path = AlisVerisListesiUITestsLaunchTests.swift; sourceTree = "<group>"; };
		12CCAC2C280DF70F00169162 /* DetailsViewController.swift */ = {isa = PBXFileReference; lastKnownFileType = sourcecode.swift; path = DetailsViewController.swift; sourceTree = "<group>"; };
/* End PBXFileReference section */

/* Begin PBXFrameworksBuildPhase section */
		12CCABF3280DEBF300169162 /* Frameworks */ = {
			isa = PBXFrameworksBuildPhase;
			buildActionMask = 2147483647;
			files = (
			);
			runOnlyForDeploymentPostprocessing = 0;
		};
		12CCAC0C280DEBF400169162 /* Frameworks */ = {
			isa = PBXFrameworksBuildPhase;
			buildActionMask = 2147483647;
			files = (
			);
			runOnlyForDeploymentPostprocessing = 0;
		};
		12CCAC16280DEBF400169162 /* Frameworks */ = {
			isa = PBXFrameworksBuildPhase;
			buildActionMask = 2147483647;
			files = (
			);
			runOnlyForDeploymentPostprocessing = 0;
		};
/* End PBXFrameworksBuildPhase section */

/* Begin PBXGroup section */
		12CCABED280DEBF300169162 = {
			isa = PBXGroup;
			children = (
				12CCABF8280DEBF300169162 /* AlisVerisListesi */,
				12CCAC12280DEBF400169162 /* AlisVerisListesiTests */,
				12CCAC1C280DEBF400169162 /* AlisVerisListesiUITests */,
				12CCABF7280DEBF300169162 /* Products */,
			);
			sourceTree = "<group>";
		};
		12CCABF7280DEBF300169162 /* Products */ = {
			isa = PBXGroup;
			children = (
				12CCABF6280DEBF300169162 /* AlisVerisListesi.app */,
				12CCAC0F280DEBF400169162 /* AlisVerisListesiTests.xctest */,
				12CCAC19280DEBF400169162 /* AlisVerisListesiUITests.xctest */,
			);
			name = Products;
			sourceTree = "<group>";
		};
		12CCABF8280DEBF300169162 /* AlisVerisListesi */ = {
			isa = PBXGroup;
			children = (
				12CCABF9280DEBF300169162 /* AppDelegate.swift */,
				12CCABFB280DEBF300169162 /* SceneDelegate.swift */,
				12CCABFD280DEBF300169162 /* ViewController.swift */,
				12CCAC2C280DF70F00169162 /* DetailsViewController.swift */,
				12CCABFF280DEBF300169162 /* Main.storyboard */,
				12CCAC05280DEBF400169162 /* Assets.xcassets */,
				12CCAC07280DEBF400169162 /* LaunchScreen.storyboard */,
				12CCAC0A280DEBF400169162 /* Info.plist */,
				12CCAC02280DEBF300169162 /* AlisVerisListesi.xcdatamodeld */,
			);
			path = AlisVerisListesi;
			sourceTree = "<group>";
		};
		12CCAC12280DEBF400169162 /* AlisVerisListesiTests */ = {
			isa = PBXGroup;
			children = (
				12CCAC13280DEBF400169162 /* AlisVerisListesiTests.swift */,
			);
			path = AlisVerisListesiTests;
			sourceTree = "<group>";
		};
		12CCAC1C280DEBF400169162 /* AlisVerisListesiUITests */ = {
			isa = PBXGroup;
			children = (
				12CCAC1D280DEBF400169162 /* AlisVerisListesiUITests.swift */,
				12CCAC1F280DEBF400169162 /* AlisVerisListesiUITestsLaunchTests.swift */,
			);
			path = AlisVerisListesiUITests;
			sourceTree = "<group>";
		};
/* End PBXGroup section */

/* Begin PBXNativeTarget section */
		12CCABF5280DEBF300169162 /* AlisVerisListesi */ = {
			isa = PBXNativeTarget;
			buildConfigurationList = 12CCAC23280DEBF400169162 /* Build configuration list for PBXNativeTarget "AlisVerisListesi" */;
			buildPhases = (
				12CCABF2280DEBF300169162 /* Sources */,
				12CCABF3280DEBF300169162 /* Frameworks */,
				12CCABF4280DEBF300169162 /* Resources */,
			);
			buildRules = (
			);
			dependencies = (
			);
			name = AlisVerisListesi;
			productName = AlisVerisListesi;
			productReference = 12CCABF6280DEBF300169162 /* AlisVerisListesi.app */;
			productType = "com.apple.product-type.application";
		};
		12CCAC0E280DEBF400169162 /* AlisVerisListesiTests */ = {
			isa = PBXNativeTarget;
			buildConfigurationList = 12CCAC26280DEBF400169162 /* Build configuration list for PBXNativeTarget "AlisVerisListesiTests" */;
			buildPhases = (
				12CCAC0B280DEBF400169162 /* Sources */,
				12CCAC0C280DEBF400169162 /* Frameworks */,
				12CCAC0D280DEBF400169162 /* Resources */,
			);
			buildRules = (
			);
			dependencies = (
				12CCAC11280DEBF400169162 /* PBXTargetDependency */,
			);
			name = AlisVerisListesiTests;
			productName = AlisVerisListesiTests;
			productReference = 12CCAC0F280DEBF400169162 /* AlisVerisListesiTests.xctest */;
			productType = "com.apple.product-type.bundle.unit-test";
		};
		12CCAC18280DEBF400169162 /* AlisVerisListesiUITests */ = {
			isa = PBXNativeTarget;
			buildConfigurationList = 12CCAC29280DEBF400169162 /* Build configuration list for PBXNativeTarget "AlisVerisListesiUITests" */;
			buildPhases = (
				12CCAC15280DEBF400169162 /* Sources */,
				12CCAC16280DEBF400169162 /* Frameworks */,
				12CCAC17280DEBF400169162 /* Resources */,
			);
			buildRules = (
			);
			dependencies = (
				12CCAC1B280DEBF400169162 /* PBXTargetDependency */,
			);
			name = AlisVerisListesiUITests;
			productName = AlisVerisListesiUITests;
			productReference = 12CCAC19280DEBF400169162 /* AlisVerisListesiUITests.xctest */;
			productType = "com.apple.product-type.bundle.ui-testing";
		};
/* End PBXNativeTarget section */

/* Begin PBXProject section */
		12CCABEE280DEBF300169162 /* Project object */ = {
			isa = PBXProject;
			attributes = {
				BuildIndependentTargetsInParallel = 1;
				LastSwiftUpdateCheck = 1330;
				LastUpgradeCheck = 1330;
				TargetAttributes = {
					12CCABF5280DEBF300169162 = {
						CreatedOnToolsVersion = 13.3;
					};
					12CCAC0E280DEBF400169162 = {
						CreatedOnToolsVersion = 13.3;
						TestTargetID = 12CCABF5280DEBF300169162;
					};
					12CCAC18280DEBF400169162 = {
						CreatedOnToolsVersion = 13.3;
						TestTargetID = 12CCABF5280DEBF300169162;
					};
				};
			};
			buildConfigurationList = 12CCABF1280DEBF300169162 /* Build configuration list for PBXProject "AlisVerisListesi" */;
			compatibilityVersion = "Xcode 13.0";
			developmentRegion = en;
			hasScannedForEncodings = 0;
			knownRegions = (
				en,
				Base,
			);
			mainGroup = 12CCABED280DEBF300169162;
			productRefGroup = 12CCABF7280DEBF300169162 /* Products */;
			projectDirPath = "";
			projectRoot = "";
			targets = (
				12CCABF5280DEBF300169162 /* AlisVerisListesi */,
				12CCAC0E280DEBF400169162 /* AlisVerisListesiTests */,
				12CCAC18280DEBF400169162 /* AlisVerisListesiUITests */,
			);
		};
/* End PBXProject section */

/* Begin PBXResourcesBuildPhase section */
		12CCABF4280DEBF300169162 /* Resources */ = {
			isa = PBXResourcesBuildPhase;
			buildActionMask = 2147483647;
			files = (
				12CCAC09280DEBF400169162 /* LaunchScreen.storyboard in Resources */,
				12CCAC06280DEBF400169162 /* Assets.xcassets in Resources */,
				12CCAC01280DEBF300169162 /* Main.storyboard in Resources */,
			);
			runOnlyForDeploymentPostprocessing = 0;
		};
		12CCAC0D280DEBF400169162 /* Resources */ = {
			isa = PBXResourcesBuildPhase;
			buildActionMask = 2147483647;
			files = (
			);
			runOnlyForDeploymentPostprocessing = 0;
		};
		12CCAC17280DEBF400169162 /* Resources */ = {
			isa = PBXResourcesBuildPhase;
			buildActionMask = 2147483647;
			files = (
			);
			runOnlyForDeploymentPostprocessing = 0;
		};
/* End PBXResourcesBuildPhase section */

/* Begin PBXSourcesBuildPhase section */
		12CCABF2280DEBF300169162 /* Sources */ = {
			isa = PBXSourcesBuildPhase;
			buildActionMask = 2147483647;
			files = (
				12CCAC04280DEBF300169162 /* AlisVerisListesi.xcdatamodeld in Sources */,
				12CCABFE280DEBF300169162 /* ViewController.swift in Sources */,
				12CCABFA280DEBF300169162 /* AppDelegate.swift in Sources */,
				12CCABFC280DEBF300169162 /* SceneDelegate.swift in Sources */,
				12CCAC2D280DF70F00169162 /* DetailsViewController.swift in Sources */,
			);
			runOnlyForDeploymentPostprocessing = 0;
		};
		12CCAC0B280DEBF400169162 /* Sources */ = {
			isa = PBXSourcesBuildPhase;
			buildActionMask = 2147483647;
			files = (
				12CCAC14280DEBF400169162 /* AlisVerisListesiTests.swift in Sources */,
			);
			runOnlyForDeploymentPostprocessing = 0;
		};
		12CCAC15280DEBF400169162 /* Sources */ = {
			isa = PBXSourcesBuildPhase;
			buildActionMask = 2147483647;
			files = (
				12CCAC1E280DEBF400169162 /* AlisVerisListesiUITests.swift in Sources */,
				12CCAC20280DEBF400169162 /* AlisVerisListesiUITestsLaunchTests.swift in Sources */,
			);
			runOnlyForDeploymentPostprocessing = 0;
		};
/* End PBXSourcesBuildPhase section */

/* Begin PBXTargetDependency section */
		12CCAC11280DEBF400169162 /* PBXTargetDependency */ = {
			isa = PBXTargetDependency;
			target = 12CCABF5280DEBF300169162 /* AlisVerisListesi */;
			targetProxy = 12CCAC10280DEBF400169162 /* PBXContainerItemProxy */;
		};
		12CCAC1B280DEBF400169162 /* PBXTargetDependency */ = {
			isa = PBXTargetDependency;
			target = 12CCABF5280DEBF300169162 /* AlisVerisListesi */;
			targetProxy = 12CCAC1A280DEBF400169162 /* PBXContainerItemProxy */;
		};
/* End PBXTargetDependency section */

/* Begin PBXVariantGroup section */
		12CCABFF280DEBF300169162 /* Main.storyboard */ = {
			isa = PBXVariantGroup;
			children = (
				12CCAC00280DEBF300169162 /* Base */,
			);
			name = Main.storyboard;
			sourceTree = "<group>";
		};
		12CCAC07280DEBF400169162 /* LaunchScreen.storyboard */ = {
			isa = PBXVariantGroup;
			children = (
				12CCAC08280DEBF400169162 /* Base */,
			);
			name = LaunchScreen.storyboard;
			sourceTree = "<group>";
		};
/* End PBXVariantGroup section */

/* Begin XCBuildConfiguration section */
		12CCAC21280DEBF400169162 /* Debug */ = {
			isa = XCBuildConfiguration;
			buildSettings = {
				ALWAYS_SEARCH_USER_PATHS = NO;
				CLANG_ANALYZER_NONNULL = YES;
				CLANG_ANALYZER_NUMBER_OBJECT_CONVERSION = YES_AGGRESSIVE;
				CLANG_CXX_LANGUAGE_STANDARD = "gnu++17";
				CLANG_ENABLE_MODULES = YES;
				CLANG_ENABLE_OBJC_ARC = YES;
				CLANG_ENABLE_OBJC_WEAK = YES;
				CLANG_WARN_BLOCK_CAPTURE_AUTORELEASING = YES;
				CLANG_WARN_BOOL_CONVERSION = YES;
				CLANG_WARN_COMMA = YES;
				CLANG_WARN_CONSTANT_CONVERSION = YES;
				CLANG_WARN_DEPRECATED_OBJC_IMPLEMENTATIONS = YES;
				CLANG_WARN_DIRECT_OBJC_ISA_USAGE = YES_ERROR;
				CLANG_WARN_DOCUMENTATION_COMMENTS = YES;
				CLANG_WARN_EMPTY_BODY = YES;
				CLANG_WARN_ENUM_CONVERSION = YES;
				CLANG_WARN_INFINITE_RECURSION = YES;
				CLANG_WARN_INT_CONVERSION = YES;
				CLANG_WARN_NON_LITERAL_NULL_CONVERSION = YES;
				CLANG_WARN_OBJC_IMPLICIT_RETAIN_SELF = YES;
				CLANG_WARN_OBJC_LITERAL_CONVERSION = YES;
				CLANG_WARN_OBJC_ROOT_CLASS = YES_ERROR;
				CLANG_WARN_QUOTED_INCLUDE_IN_FRAMEWORK_HEADER = YES;
				CLANG_WARN_RANGE_LOOP_ANALYSIS = YES;
				CLANG_WARN_STRICT_PROTOTYPES = YES;
				CLANG_WARN_SUSPICIOUS_MOVE = YES;
				CLANG_WARN_UNGUARDED_AVAILABILITY = YES_AGGRESSIVE;
				CLANG_WARN_UNREACHABLE_CODE = YES;
				CLANG_WARN__DUPLICATE_METHOD_MATCH = YES;
				COPY_PHASE_STRIP = NO;
				DEBUG_INFORMATION_FORMAT = dwarf;
				ENABLE_STRICT_OBJC_MSGSEND = YES;
				ENABLE_TESTABILITY = YES;
				GCC_C_LANGUAGE_STANDARD = gnu11;
				GCC_DYNAMIC_NO_PIC = NO;
				GCC_NO_COMMON_BLOCKS = YES;
				GCC_OPTIMIZATION_LEVEL = 0;
				GCC_PREPROCESSOR_DEFINITIONS = (
					"DEBUG=1",
					"$(inherited)",
				);
				GCC_WARN_64_TO_32_BIT_CONVERSION = YES;
				GCC_WARN_ABOUT_RETURN_TYPE = YES_ERROR;
				GCC_WARN_UNDECLARED_SELECTOR = YES;
				GCC_WARN_UNINITIALIZED_AUTOS = YES_AGGRESSIVE;
				GCC_WARN_UNUSED_FUNCTION = YES;
				GCC_WARN_UNUSED_VARIABLE = YES;
				IPHONEOS_DEPLOYMENT_TARGET = 15.4;
				MTL_ENABLE_DEBUG_INFO = INCLUDE_SOURCE;
				MTL_FAST_MATH = YES;
				ONLY_ACTIVE_ARCH = YES;
				SDKROOT = iphoneos;
				SWIFT_ACTIVE_COMPILATION_CONDITIONS = DEBUG;
				SWIFT_OPTIMIZATION_LEVEL = "-Onone";
			};
			name = Debug;
		};
		12CCAC22280DEBF400169162 /* Release */ = {
			isa = XCBuildConfiguration;
			buildSettings = {
				ALWAYS_SEARCH_USER_PATHS = NO;
				CLANG_ANALYZER_NONNULL = YES;
				CLANG_ANALYZER_NUMBER_OBJECT_CONVERSION = YES_AGGRESSIVE;
				CLANG_CXX_LANGUAGE_STANDARD = "gnu++17";
				CLANG_ENABLE_MODULES = YES;
				CLANG_ENABLE_OBJC_ARC = YES;
				CLANG_ENABLE_OBJC_WEAK = YES;
				CLANG_WARN_BLOCK_CAPTURE_AUTORELEASING = YES;
				CLANG_WARN_BOOL_CONVERSION = YES;
				CLANG_WARN_COMMA = YES;
				CLANG_WARN_CONSTANT_CONVERSION = YES;
				CLANG_WARN_DEPRECATED_OBJC_IMPLEMENTATIONS = YES;
				CLANG_WARN_DIRECT_OBJC_ISA_USAGE = YES_ERROR;
				CLANG_WARN_DOCUMENTATION_COMMENTS = YES;
				CLANG_WARN_EMPTY_BODY = YES;
				CLANG_WARN_ENUM_CONVERSION = YES;
				CLANG_WARN_INFINITE_RECURSION = YES;
				CLANG_WARN_INT_CONVERSION = YES;
				CLANG_WARN_NON_LITERAL_NULL_CONVERSION = YES;
				CLANG_WARN_OBJC_IMPLICIT_RETAIN_SELF = YES;
				CLANG_WARN_OBJC_LITERAL_CONVERSION = YES;
				CLANG_WARN_OBJC_ROOT_CLASS = YES_ERROR;
				CLANG_WARN_QUOTED_INCLUDE_IN_FRAMEWORK_HEADER = YES;
				CLANG_WARN_RANGE_LOOP_ANALYSIS = YES;
				CLANG_WARN_STRICT_PROTOTYPES = YES;
				CLANG_WARN_SUSPICIOUS_MOVE = YES;
				CLANG_WARN_UNGUARDED_AVAILABILITY = YES_AGGRESSIVE;
				CLANG_WARN_UNREACHABLE_CODE = YES;
				CLANG_WARN__DUPLICATE_METHOD_MATCH = YES;
				COPY_PHASE_STRIP = NO;
				DEBUG_INFORMATION_FORMAT = "dwarf-with-dsym";
				ENABLE_NS_ASSERTIONS = NO;
				ENABLE_STRICT_OBJC_MSGSEND = YES;
				GCC_C_LANGUAGE_STANDARD = gnu11;
				GCC_NO_COMMON_BLOCKS = YES;
				GCC_WARN_64_TO_32_BIT_CONVERSION = YES;
				GCC_WARN_ABOUT_RETURN_TYPE = YES_ERROR;
				GCC_WARN_UNDECLARED_SELECTOR = YES;
				GCC_WARN_UNINITIALIZED_AUTOS = YES_AGGRESSIVE;
				GCC_WARN_UNUSED_FUNCTION = YES;
				GCC_WARN_UNUSED_VARIABLE = YES;
				IPHONEOS_DEPLOYMENT_TARGET = 15.4;
				MTL_ENABLE_DEBUG_INFO = NO;
				MTL_FAST_MATH = YES;
				SDKROOT = iphoneos;
				SWIFT_COMPILATION_MODE = wholemodule;
				SWIFT_OPTIMIZATION_LEVEL = "-O";
				VALIDATE_PRODUCT = YES;
			};
			name = Release;
		};
		12CCAC24280DEBF400169162 /* Debug */ = {
			isa = XCBuildConfiguration;
			buildSettings = {
				ASSETCATALOG_COMPILER_APPICON_NAME = AppIcon;
				ASSETCATALOG_COMPILER_GLOBAL_ACCENT_COLOR_NAME = AccentColor;
				CODE_SIGN_STYLE = Automatic;
				CURRENT_PROJECT_VERSION = 1;
				GENERATE_INFOPLIST_FILE = YES;
				INFOPLIST_FILE = AlisVerisListesi/Info.plist;
				INFOPLIST_KEY_UIApplicationSupportsIndirectInputEvents = YES;
				INFOPLIST_KEY_UILaunchStoryboardName = LaunchScreen;
				INFOPLIST_KEY_UIMainStoryboardFile = Main;
				INFOPLIST_KEY_UISupportedInterfaceOrientations_iPad = "UIInterfaceOrientationPortrait UIInterfaceOrientationPortraitUpsideDown UIInterfaceOrientationLandscapeLeft UIInterfaceOrientationLandscapeRight";
				INFOPLIST_KEY_UISupportedInterfaceOrientations_iPhone = "UIInterfaceOrientationPortrait UIInterfaceOrientationLandscapeLeft UIInterfaceOrientationLandscapeRight";
				LD_RUNPATH_SEARCH_PATHS = (
					"$(inherited)",
					"@executable_path/Frameworks",
				);
				MARKETING_VERSION = 1.0;
				PRODUCT_BUNDLE_IDENTIFIER = com.nimetapaydin.AlisVerisListesi;
				PRODUCT_NAME = "$(TARGET_NAME)";
				SWIFT_EMIT_LOC_STRINGS = YES;
				SWIFT_VERSION = 5.0;
				TARGETED_DEVICE_FAMILY = "1,2";
			};
			name = Debug;
		};
		12CCAC25280DEBF400169162 /* Release */ = {
			isa = XCBuildConfiguration;
			buildSettings = {
				ASSETCATALOG_COMPILER_APPICON_NAME = AppIcon;
				ASSETCATALOG_COMPILER_GLOBAL_ACCENT_COLOR_NAME = AccentColor;
				CODE_SIGN_STYLE = Automatic;
				CURRENT_PROJECT_VERSION = 1;
				GENERATE_INFOPLIST_FILE = YES;
				INFOPLIST_FILE = AlisVerisListesi/Info.plist;
				INFOPLIST_KEY_UIApplicationSupportsIndirectInputEvents = YES;
				INFOPLIST_KEY_UILaunchStoryboardName = LaunchScreen;
				INFOPLIST_KEY_UIMainStoryboardFile = Main;
				INFOPLIST_KEY_UISupportedInterfaceOrientations_iPad = "UIInterfaceOrientationPortrait UIInterfaceOrientationPortraitUpsideDown UIInterfaceOrientationLandscapeLeft UIInterfaceOrientationLandscapeRight";
				INFOPLIST_KEY_UISupportedInterfaceOrientations_iPhone = "UIInterfaceOrientationPortrait UIInterfaceOrientationLandscapeLeft UIInterfaceOrientationLandscapeRight";
				LD_RUNPATH_SEARCH_PATHS = (
					"$(inherited)",
					"@executable_path/Frameworks",
				);
				MARKETING_VERSION = 1.0;
				PRODUCT_BUNDLE_IDENTIFIER = com.nimetapaydin.AlisVerisListesi;
				PRODUCT_NAME = "$(TARGET_NAME)";
				SWIFT_EMIT_LOC_STRINGS = YES;
				SWIFT_VERSION = 5.0;
				TARGETED_DEVICE_FAMILY = "1,2";
			};
			name = Release;
		};
		12CCAC27280DEBF400169162 /* Debug */ = {
			isa = XCBuildConfiguration;
			buildSettings = {
				ALWAYS_EMBED_SWIFT_STANDARD_LIBRARIES = YES;
				BUNDLE_LOADER = "$(TEST_HOST)";
				CODE_SIGN_STYLE = Automatic;
				CURRENT_PROJECT_VERSION = 1;
				GENERATE_INFOPLIST_FILE = YES;
				IPHONEOS_DEPLOYMENT_TARGET = 15.4;
				MARKETING_VERSION = 1.0;
				PRODUCT_BUNDLE_IDENTIFIER = com.nimetapaydin.AlisVerisListesiTests;
				PRODUCT_NAME = "$(TARGET_NAME)";
				SWIFT_EMIT_LOC_STRINGS = NO;
				SWIFT_VERSION = 5.0;
				TARGETED_DEVICE_FAMILY = "1,2";
				TEST_HOST = "$(BUILT_PRODUCTS_DIR)/AlisVerisListesi.app/AlisVerisListesi";
			};
			name = Debug;
		};
		12CCAC28280DEBF400169162 /* Release */ = {
			isa = XCBuildConfiguration;
			buildSettings = {
				ALWAYS_EMBED_SWIFT_STANDARD_LIBRARIES = YES;
				BUNDLE_LOADER = "$(TEST_HOST)";
				CODE_SIGN_STYLE = Automatic;
				CURRENT_PROJECT_VERSION = 1;
				GENERATE_INFOPLIST_FILE = YES;
				IPHONEOS_DEPLOYMENT_TARGET = 15.4;
				MARKETING_VERSION = 1.0;
				PRODUCT_BUNDLE_IDENTIFIER = com.nimetapaydin.AlisVerisListesiTests;
				PRODUCT_NAME = "$(TARGET_NAME)";
				SWIFT_EMIT_LOC_STRINGS = NO;
				SWIFT_VERSION = 5.0;
				TARGETED_DEVICE_FAMILY = "1,2";
				TEST_HOST = "$(BUILT_PRODUCTS_DIR)/AlisVerisListesi.app/AlisVerisListesi";
			};
			name = Release;
		};
		12CCAC2A280DEBF400169162 /* Debug */ = {
			isa = XCBuildConfiguration;
			buildSettings = {
				ALWAYS_EMBED_SWIFT_STANDARD_LIBRARIES = YES;
				CODE_SIGN_STYLE = Automatic;
				CURRENT_PROJECT_VERSION = 1;
				GENERATE_INFOPLIST_FILE = YES;
				MARKETING_VERSION = 1.0;
				PRODUCT_BUNDLE_IDENTIFIER = com.nimetapaydin.AlisVerisListesiUITests;
				PRODUCT_NAME = "$(TARGET_NAME)";
				SWIFT_EMIT_LOC_STRINGS = NO;
				SWIFT_VERSION = 5.0;
				TARGETED_DEVICE_FAMILY = "1,2";
				TEST_TARGET_NAME = AlisVerisListesi;
			};
			name = Debug;
		};
		12CCAC2B280DEBF400169162 /* Release */ = {
			isa = XCBuildConfiguration;
			buildSettings = {
				ALWAYS_EMBED_SWIFT_STANDARD_LIBRARIES = YES;
				CODE_SIGN_STYLE = Automatic;
				CURRENT_PROJECT_VERSION = 1;
				GENERATE_INFOPLIST_FILE = YES;
				MARKETING_VERSION = 1.0;
				PRODUCT_BUNDLE_IDENTIFIER = com.nimetapaydin.AlisVerisListesiUITests;
				PRODUCT_NAME = "$(TARGET_NAME)";
				SWIFT_EMIT_LOC_STRINGS = NO;
				SWIFT_VERSION = 5.0;
				TARGETED_DEVICE_FAMILY = "1,2";
				TEST_TARGET_NAME = AlisVerisListesi;
			};
			name = Release;
		};
/* End XCBuildConfiguration section */

/* Begin XCConfigurationList section */
		12CCABF1280DEBF300169162 /* Build configuration list for PBXProject "AlisVerisListesi" */ = {
			isa = XCConfigurationList;
			buildConfigurations = (
				12CCAC21280DEBF400169162 /* Debug */,
				12CCAC22280DEBF400169162 /* Release */,
			);
			defaultConfigurationIsVisible = 0;
			defaultConfigurationName = Release;
		};
		12CCAC23280DEBF400169162 /* Build configuration list for PBXNativeTarget "AlisVerisListesi" */ = {
			isa = XCConfigurationList;
			buildConfigurations = (
				12CCAC24280DEBF400169162 /* Debug */,
				12CCAC25280DEBF400169162 /* Release */,
			);
			defaultConfigurationIsVisible = 0;
			defaultConfigurationName = Release;
		};
		12CCAC26280DEBF400169162 /* Build configuration list for PBXNativeTarget "AlisVerisListesiTests" */ = {
			isa = XCConfigurationList;
			buildConfigurations = (
				12CCAC27280DEBF400169162 /* Debug */,
				12CCAC28280DEBF400169162 /* Release */,
			);
			defaultConfigurationIsVisible = 0;
			defaultConfigurationName = Release;
		};
		12CCAC29280DEBF400169162 /* Build configuration list for PBXNativeTarget "AlisVerisListesiUITests" */ = {
			isa = XCConfigurationList;
			buildConfigurations = (
				12CCAC2A280DEBF400169162 /* Debug */,
				12CCAC2B280DEBF400169162 /* Release */,
			);
			defaultConfigurationIsVisible = 0;
			defaultConfigurationName = Release;
		};
/* End XCConfigurationList section */

/* Begin XCVersionGroup section */
		12CCAC02280DEBF300169162 /* AlisVerisListesi.xcdatamodeld */ = {
			isa = XCVersionGroup;
			children = (
				12CCAC03280DEBF300169162 /* AlisVerisListesi.xcdatamodel */,
			);
			currentVersion = 12CCAC03280DEBF300169162 /* AlisVerisListesi.xcdatamodel */;
			path = AlisVerisListesi.xcdatamodeld;
			sourceTree = "<group>";
			versionGroupType = wrapper.xcdatamodel;
		};
/* End XCVersionGroup section */
	};
	rootObject = 12CCABEE280DEBF300169162 /* Project object */;
}
