// !$*UTF8*$!
{
	archiveVersion = 1;
	classes = {
	};
	objectVersion = 55;
	objects = {

/* Begin PBXBuildFile section */
		127DF90F280B519300D9308C /* AppDelegate.swift in Sources */ = {isa = PBXBuildFile; fileRef = 127DF90E280B519300D9308C /* AppDelegate.swift */; };
		127DF911280B519300D9308C /* SceneDelegate.swift in Sources */ = {isa = PBXBuildFile; fileRef = 127DF910280B519300D9308C /* SceneDelegate.swift */; };
		127DF913280B519300D9308C /* ViewController.swift in Sources */ = {isa = PBXBuildFile; fileRef = 127DF912280B519300D9308C /* ViewController.swift */; };
		127DF916280B519300D9308C /* Main.storyboard in Resources */ = {isa = PBXBuildFile; fileRef = 127DF914280B519300D9308C /* Main.storyboard */; };
		127DF918280B519400D9308C /* Assets.xcassets in Resources */ = {isa = PBXBuildFile; fileRef = 127DF917280B519400D9308C /* Assets.xcassets */; };
		127DF91B280B519400D9308C /* LaunchScreen.storyboard in Resources */ = {isa = PBXBuildFile; fileRef = 127DF919280B519400D9308C /* LaunchScreen.storyboard */; };
		127DF926280B519400D9308C /* SuperKahramanKitabiTests.swift in Sources */ = {isa = PBXBuildFile; fileRef = 127DF925280B519400D9308C /* SuperKahramanKitabiTests.swift */; };
		127DF930280B519400D9308C /* SuperKahramanKitabiUITests.swift in Sources */ = {isa = PBXBuildFile; fileRef = 127DF92F280B519400D9308C /* SuperKahramanKitabiUITests.swift */; };
		127DF932280B519400D9308C /* SuperKahramanKitabiUITestsLaunchTests.swift in Sources */ = {isa = PBXBuildFile; fileRef = 127DF931280B519400D9308C /* SuperKahramanKitabiUITestsLaunchTests.swift */; };
/* End PBXBuildFile section */

/* Begin PBXContainerItemProxy section */
		127DF922280B519400D9308C /* PBXContainerItemProxy */ = {
			isa = PBXContainerItemProxy;
			containerPortal = 127DF903280B519300D9308C /* Project object */;
			proxyType = 1;
			remoteGlobalIDString = 127DF90A280B519300D9308C;
			remoteInfo = SuperKahramanKitabi;
		};
		127DF92C280B519400D9308C /* PBXContainerItemProxy */ = {
			isa = PBXContainerItemProxy;
			containerPortal = 127DF903280B519300D9308C /* Project object */;
			proxyType = 1;
			remoteGlobalIDString = 127DF90A280B519300D9308C;
			remoteInfo = SuperKahramanKitabi;
		};
/* End PBXContainerItemProxy section */

/* Begin PBXFileReference section */
		127DF90B280B519300D9308C /* SuperKahramanKitabi.app */ = {isa = PBXFileReference; explicitFileType = wrapper.application; includeInIndex = 0; path = SuperKahramanKitabi.app; sourceTree = BUILT_PRODUCTS_DIR; };
		127DF90E280B519300D9308C /* AppDelegate.swift */ = {isa = PBXFileReference; lastKnownFileType = sourcecode.swift; path = AppDelegate.swift; sourceTree = "<group>"; };
		127DF910280B519300D9308C /* SceneDelegate.swift */ = {isa = PBXFileReference; lastKnownFileType = sourcecode.swift; path = SceneDelegate.swift; sourceTree = "<group>"; };
		127DF912280B519300D9308C /* ViewController.swift */ = {isa = PBXFileReference; lastKnownFileType = sourcecode.swift; path = ViewController.swift; sourceTree = "<group>"; };
		127DF915280B519300D9308C /* Base */ = {isa = PBXFileReference; lastKnownFileType = file.storyboard; name = Base; path = Base.lproj/Main.storyboard; sourceTree = "<group>"; };
		127DF917280B519400D9308C /* Assets.xcassets */ = {isa = PBXFileReference; lastKnownFileType = folder.assetcatalog; path = Assets.xcassets; sourceTree = "<group>"; };
		127DF91A280B519400D9308C /* Base */ = {isa = PBXFileReference; lastKnownFileType = file.storyboard; name = Base; path = Base.lproj/LaunchScreen.storyboard; sourceTree = "<group>"; };
		127DF91C280B519400D9308C /* Info.plist */ = {isa = PBXFileReference; lastKnownFileType = text.plist.xml; path = Info.plist; sourceTree = "<group>"; };
		127DF921280B519400D9308C /* SuperKahramanKitabiTests.xctest */ = {isa = PBXFileReference; explicitFileType = wrapper.cfbundle; includeInIndex = 0; path = SuperKahramanKitabiTests.xctest; sourceTree = BUILT_PRODUCTS_DIR; };
		127DF925280B519400D9308C /* SuperKahramanKitabiTests.swift */ = {isa = PBXFileReference; lastKnownFileType = sourcecode.swift; path = SuperKahramanKitabiTests.swift; sourceTree = "<group>"; };
		127DF92B280B519400D9308C /* SuperKahramanKitabiUITests.xctest */ = {isa = PBXFileReference; explicitFileType = wrapper.cfbundle; includeInIndex = 0; path = SuperKahramanKitabiUITests.xctest; sourceTree = BUILT_PRODUCTS_DIR; };
		127DF92F280B519400D9308C /* SuperKahramanKitabiUITests.swift */ = {isa = PBXFileReference; lastKnownFileType = sourcecode.swift; path = SuperKahramanKitabiUITests.swift; sourceTree = "<group>"; };
		127DF931280B519400D9308C /* SuperKahramanKitabiUITestsLaunchTests.swift */ = {isa = PBXFileReference; lastKnownFileType = sourcecode.swift; path = SuperKahramanKitabiUITestsLaunchTests.swift; sourceTree = "<group>"; };
/* End PBXFileReference section */

/* Begin PBXFrameworksBuildPhase section */
		127DF908280B519300D9308C /* Frameworks */ = {
			isa = PBXFrameworksBuildPhase;
			buildActionMask = 2147483647;
			files = (
			);
			runOnlyForDeploymentPostprocessing = 0;
		};
		127DF91E280B519400D9308C /* Frameworks */ = {
			isa = PBXFrameworksBuildPhase;
			buildActionMask = 2147483647;
			files = (
			);
			runOnlyForDeploymentPostprocessing = 0;
		};
		127DF928280B519400D9308C /* Frameworks */ = {
			isa = PBXFrameworksBuildPhase;
			buildActionMask = 2147483647;
			files = (
			);
			runOnlyForDeploymentPostprocessing = 0;
		};
/* End PBXFrameworksBuildPhase section */

/* Begin PBXGroup section */
		127DF902280B519300D9308C = {
			isa = PBXGroup;
			children = (
				127DF90D280B519300D9308C /* SuperKahramanKitabi */,
				127DF924280B519400D9308C /* SuperKahramanKitabiTests */,
				127DF92E280B519400D9308C /* SuperKahramanKitabiUITests */,
				127DF90C280B519300D9308C /* Products */,
			);
			sourceTree = "<group>";
		};
		127DF90C280B519300D9308C /* Products */ = {
			isa = PBXGroup;
			children = (
				127DF90B280B519300D9308C /* SuperKahramanKitabi.app */,
				127DF921280B519400D9308C /* SuperKahramanKitabiTests.xctest */,
				127DF92B280B519400D9308C /* SuperKahramanKitabiUITests.xctest */,
			);
			name = Products;
			sourceTree = "<group>";
		};
		127DF90D280B519300D9308C /* SuperKahramanKitabi */ = {
			isa = PBXGroup;
			children = (
				127DF90E280B519300D9308C /* AppDelegate.swift */,
				127DF910280B519300D9308C /* SceneDelegate.swift */,
				127DF912280B519300D9308C /* ViewController.swift */,
				127DF914280B519300D9308C /* Main.storyboard */,
				127DF917280B519400D9308C /* Assets.xcassets */,
				127DF919280B519400D9308C /* LaunchScreen.storyboard */,
				127DF91C280B519400D9308C /* Info.plist */,
			);
			path = SuperKahramanKitabi;
			sourceTree = "<group>";
		};
		127DF924280B519400D9308C /* SuperKahramanKitabiTests */ = {
			isa = PBXGroup;
			children = (
				127DF925280B519400D9308C /* SuperKahramanKitabiTests.swift */,
			);
			path = SuperKahramanKitabiTests;
			sourceTree = "<group>";
		};
		127DF92E280B519400D9308C /* SuperKahramanKitabiUITests */ = {
			isa = PBXGroup;
			children = (
				127DF92F280B519400D9308C /* SuperKahramanKitabiUITests.swift */,
				127DF931280B519400D9308C /* SuperKahramanKitabiUITestsLaunchTests.swift */,
			);
			path = SuperKahramanKitabiUITests;
			sourceTree = "<group>";
		};
/* End PBXGroup section */

/* Begin PBXNativeTarget section */
		127DF90A280B519300D9308C /* SuperKahramanKitabi */ = {
			isa = PBXNativeTarget;
			buildConfigurationList = 127DF935280B519400D9308C /* Build configuration list for PBXNativeTarget "SuperKahramanKitabi" */;
			buildPhases = (
				127DF907280B519300D9308C /* Sources */,
				127DF908280B519300D9308C /* Frameworks */,
				127DF909280B519300D9308C /* Resources */,
			);
			buildRules = (
			);
			dependencies = (
			);
			name = SuperKahramanKitabi;
			productName = SuperKahramanKitabi;
			productReference = 127DF90B280B519300D9308C /* SuperKahramanKitabi.app */;
			productType = "com.apple.product-type.application";
		};
		127DF920280B519400D9308C /* SuperKahramanKitabiTests */ = {
			isa = PBXNativeTarget;
			buildConfigurationList = 127DF938280B519400D9308C /* Build configuration list for PBXNativeTarget "SuperKahramanKitabiTests" */;
			buildPhases = (
				127DF91D280B519400D9308C /* Sources */,
				127DF91E280B519400D9308C /* Frameworks */,
				127DF91F280B519400D9308C /* Resources */,
			);
			buildRules = (
			);
			dependencies = (
				127DF923280B519400D9308C /* PBXTargetDependency */,
			);
			name = SuperKahramanKitabiTests;
			productName = SuperKahramanKitabiTests;
			productReference = 127DF921280B519400D9308C /* SuperKahramanKitabiTests.xctest */;
			productType = "com.apple.product-type.bundle.unit-test";
		};
		127DF92A280B519400D9308C /* SuperKahramanKitabiUITests */ = {
			isa = PBXNativeTarget;
			buildConfigurationList = 127DF93B280B519400D9308C /* Build configuration list for PBXNativeTarget "SuperKahramanKitabiUITests" */;
			buildPhases = (
				127DF927280B519400D9308C /* Sources */,
				127DF928280B519400D9308C /* Frameworks */,
				127DF929280B519400D9308C /* Resources */,
			);
			buildRules = (
			);
			dependencies = (
				127DF92D280B519400D9308C /* PBXTargetDependency */,
			);
			name = SuperKahramanKitabiUITests;
			productName = SuperKahramanKitabiUITests;
			productReference = 127DF92B280B519400D9308C /* SuperKahramanKitabiUITests.xctest */;
			productType = "com.apple.product-type.bundle.ui-testing";
		};
/* End PBXNativeTarget section */

/* Begin PBXProject section */
		127DF903280B519300D9308C /* Project object */ = {
			isa = PBXProject;
			attributes = {
				BuildIndependentTargetsInParallel = 1;
				LastSwiftUpdateCheck = 1330;
				LastUpgradeCheck = 1330;
				TargetAttributes = {
					127DF90A280B519300D9308C = {
						CreatedOnToolsVersion = 13.3;
					};
					127DF920280B519400D9308C = {
						CreatedOnToolsVersion = 13.3;
						TestTargetID = 127DF90A280B519300D9308C;
					};
					127DF92A280B519400D9308C = {
						CreatedOnToolsVersion = 13.3;
						TestTargetID = 127DF90A280B519300D9308C;
					};
				};
			};
			buildConfigurationList = 127DF906280B519300D9308C /* Build configuration list for PBXProject "SuperKahramanKitabi" */;
			compatibilityVersion = "Xcode 13.0";
			developmentRegion = en;
			hasScannedForEncodings = 0;
			knownRegions = (
				en,
				Base,
			);
			mainGroup = 127DF902280B519300D9308C;
			productRefGroup = 127DF90C280B519300D9308C /* Products */;
			projectDirPath = "";
			projectRoot = "";
			targets = (
				127DF90A280B519300D9308C /* SuperKahramanKitabi */,
				127DF920280B519400D9308C /* SuperKahramanKitabiTests */,
				127DF92A280B519400D9308C /* SuperKahramanKitabiUITests */,
			);
		};
/* End PBXProject section */

/* Begin PBXResourcesBuildPhase section */
		127DF909280B519300D9308C /* Resources */ = {
			isa = PBXResourcesBuildPhase;
			buildActionMask = 2147483647;
			files = (
				127DF91B280B519400D9308C /* LaunchScreen.storyboard in Resources */,
				127DF918280B519400D9308C /* Assets.xcassets in Resources */,
				127DF916280B519300D9308C /* Main.storyboard in Resources */,
			);
			runOnlyForDeploymentPostprocessing = 0;
		};
		127DF91F280B519400D9308C /* Resources */ = {
			isa = PBXResourcesBuildPhase;
			buildActionMask = 2147483647;
			files = (
			);
			runOnlyForDeploymentPostprocessing = 0;
		};
		127DF929280B519400D9308C /* Resources */ = {
			isa = PBXResourcesBuildPhase;
			buildActionMask = 2147483647;
			files = (
			);
			runOnlyForDeploymentPostprocessing = 0;
		};
/* End PBXResourcesBuildPhase section */

/* Begin PBXSourcesBuildPhase section */
		127DF907280B519300D9308C /* Sources */ = {
			isa = PBXSourcesBuildPhase;
			buildActionMask = 2147483647;
			files = (
				127DF913280B519300D9308C /* ViewController.swift in Sources */,
				127DF90F280B519300D9308C /* AppDelegate.swift in Sources */,
				127DF911280B519300D9308C /* SceneDelegate.swift in Sources */,
			);
			runOnlyForDeploymentPostprocessing = 0;
		};
		127DF91D280B519400D9308C /* Sources */ = {
			isa = PBXSourcesBuildPhase;
			buildActionMask = 2147483647;
			files = (
				127DF926280B519400D9308C /* SuperKahramanKitabiTests.swift in Sources */,
			);
			runOnlyForDeploymentPostprocessing = 0;
		};
		127DF927280B519400D9308C /* Sources */ = {
			isa = PBXSourcesBuildPhase;
			buildActionMask = 2147483647;
			files = (
				127DF930280B519400D9308C /* SuperKahramanKitabiUITests.swift in Sources */,
				127DF932280B519400D9308C /* SuperKahramanKitabiUITestsLaunchTests.swift in Sources */,
			);
			runOnlyForDeploymentPostprocessing = 0;
		};
/* End PBXSourcesBuildPhase section */

/* Begin PBXTargetDependency section */
		127DF923280B519400D9308C /* PBXTargetDependency */ = {
			isa = PBXTargetDependency;
			target = 127DF90A280B519300D9308C /* SuperKahramanKitabi */;
			targetProxy = 127DF922280B519400D9308C /* PBXContainerItemProxy */;
		};
		127DF92D280B519400D9308C /* PBXTargetDependency */ = {
			isa = PBXTargetDependency;
			target = 127DF90A280B519300D9308C /* SuperKahramanKitabi */;
			targetProxy = 127DF92C280B519400D9308C /* PBXContainerItemProxy */;
		};
/* End PBXTargetDependency section */

/* Begin PBXVariantGroup section */
		127DF914280B519300D9308C /* Main.storyboard */ = {
			isa = PBXVariantGroup;
			children = (
				127DF915280B519300D9308C /* Base */,
			);
			name = Main.storyboard;
			sourceTree = "<group>";
		};
		127DF919280B519400D9308C /* LaunchScreen.storyboard */ = {
			isa = PBXVariantGroup;
			children = (
				127DF91A280B519400D9308C /* Base */,
			);
			name = LaunchScreen.storyboard;
			sourceTree = "<group>";
		};
/* End PBXVariantGroup section */

/* Begin XCBuildConfiguration section */
		127DF933280B519400D9308C /* Debug */ = {
			isa = XCBuildConfiguration;
			buildSettings = {
				ALWAYS_SEARCH_USER_PATHS = NO;
				CLANG_ANALYZER_NONNULL = YES;
				CLANG_ANALYZER_NUMBER_OBJECT_CONVERSION = YES_AGGRESSIVE;
				CLANG_CXX_LANGUAGE_STANDARD = "gnu++17";
				CLANG_ENABLE_MODULES = YES;
				CLANG_ENABLE_OBJC_ARC = YES;
				CLANG_ENABLE_OBJC_WEAK = YES;
				CLANG_WARN_BLOCK_CAPTURE_AUTORELEASING = YES;
				CLANG_WARN_BOOL_CONVERSION = YES;
				CLANG_WARN_COMMA = YES;
				CLANG_WARN_CONSTANT_CONVERSION = YES;
				CLANG_WARN_DEPRECATED_OBJC_IMPLEMENTATIONS = YES;
				CLANG_WARN_DIRECT_OBJC_ISA_USAGE = YES_ERROR;
				CLANG_WARN_DOCUMENTATION_COMMENTS = YES;
				CLANG_WARN_EMPTY_BODY = YES;
				CLANG_WARN_ENUM_CONVERSION = YES;
				CLANG_WARN_INFINITE_RECURSION = YES;
				CLANG_WARN_INT_CONVERSION = YES;
				CLANG_WARN_NON_LITERAL_NULL_CONVERSION = YES;
				CLANG_WARN_OBJC_IMPLICIT_RETAIN_SELF = YES;
				CLANG_WARN_OBJC_LITERAL_CONVERSION = YES;
				CLANG_WARN_OBJC_ROOT_CLASS = YES_ERROR;
				CLANG_WARN_QUOTED_INCLUDE_IN_FRAMEWORK_HEADER = YES;
				CLANG_WARN_RANGE_LOOP_ANALYSIS = YES;
				CLANG_WARN_STRICT_PROTOTYPES = YES;
				CLANG_WARN_SUSPICIOUS_MOVE = YES;
				CLANG_WARN_UNGUARDED_AVAILABILITY = YES_AGGRESSIVE;
				CLANG_WARN_UNREACHABLE_CODE = YES;
				CLANG_WARN__DUPLICATE_METHOD_MATCH = YES;
				COPY_PHASE_STRIP = NO;
				DEBUG_INFORMATION_FORMAT = dwarf;
				ENABLE_STRICT_OBJC_MSGSEND = YES;
				ENABLE_TESTABILITY = YES;
				GCC_C_LANGUAGE_STANDARD = gnu11;
				GCC_DYNAMIC_NO_PIC = NO;
				GCC_NO_COMMON_BLOCKS = YES;
				GCC_OPTIMIZATION_LEVEL = 0;
				GCC_PREPROCESSOR_DEFINITIONS = (
					"DEBUG=1",
					"$(inherited)",
				);
				GCC_WARN_64_TO_32_BIT_CONVERSION = YES;
				GCC_WARN_ABOUT_RETURN_TYPE = YES_ERROR;
				GCC_WARN_UNDECLARED_SELECTOR = YES;
				GCC_WARN_UNINITIALIZED_AUTOS = YES_AGGRESSIVE;
				GCC_WARN_UNUSED_FUNCTION = YES;
				GCC_WARN_UNUSED_VARIABLE = YES;
				IPHONEOS_DEPLOYMENT_TARGET = 15.4;
				MTL_ENABLE_DEBUG_INFO = INCLUDE_SOURCE;
				MTL_FAST_MATH = YES;
				ONLY_ACTIVE_ARCH = YES;
				SDKROOT = iphoneos;
				SWIFT_ACTIVE_COMPILATION_CONDITIONS = DEBUG;
				SWIFT_OPTIMIZATION_LEVEL = "-Onone";
			};
			name = Debug;
		};
		127DF934280B519400D9308C /* Release */ = {
			isa = XCBuildConfiguration;
			buildSettings = {
				ALWAYS_SEARCH_USER_PATHS = NO;
				CLANG_ANALYZER_NONNULL = YES;
				CLANG_ANALYZER_NUMBER_OBJECT_CONVERSION = YES_AGGRESSIVE;
				CLANG_CXX_LANGUAGE_STANDARD = "gnu++17";
				CLANG_ENABLE_MODULES = YES;
				CLANG_ENABLE_OBJC_ARC = YES;
				CLANG_ENABLE_OBJC_WEAK = YES;
				CLANG_WARN_BLOCK_CAPTURE_AUTORELEASING = YES;
				CLANG_WARN_BOOL_CONVERSION = YES;
				CLANG_WARN_COMMA = YES;
				CLANG_WARN_CONSTANT_CONVERSION = YES;
				CLANG_WARN_DEPRECATED_OBJC_IMPLEMENTATIONS = YES;
				CLANG_WARN_DIRECT_OBJC_ISA_USAGE = YES_ERROR;
				CLANG_WARN_DOCUMENTATION_COMMENTS = YES;
				CLANG_WARN_EMPTY_BODY = YES;
				CLANG_WARN_ENUM_CONVERSION = YES;
				CLANG_WARN_INFINITE_RECURSION = YES;
				CLANG_WARN_INT_CONVERSION = YES;
				CLANG_WARN_NON_LITERAL_NULL_CONVERSION = YES;
				CLANG_WARN_OBJC_IMPLICIT_RETAIN_SELF = YES;
				CLANG_WARN_OBJC_LITERAL_CONVERSION = YES;
				CLANG_WARN_OBJC_ROOT_CLASS = YES_ERROR;
				CLANG_WARN_QUOTED_INCLUDE_IN_FRAMEWORK_HEADER = YES;
				CLANG_WARN_RANGE_LOOP_ANALYSIS = YES;
				CLANG_WARN_STRICT_PROTOTYPES = YES;
				CLANG_WARN_SUSPICIOUS_MOVE = YES;
				CLANG_WARN_UNGUARDED_AVAILABILITY = YES_AGGRESSIVE;
				CLANG_WARN_UNREACHABLE_CODE = YES;
				CLANG_WARN__DUPLICATE_METHOD_MATCH = YES;
				COPY_PHASE_STRIP = NO;
				DEBUG_INFORMATION_FORMAT = "dwarf-with-dsym";
				ENABLE_NS_ASSERTIONS = NO;
				ENABLE_STRICT_OBJC_MSGSEND = YES;
				GCC_C_LANGUAGE_STANDARD = gnu11;
				GCC_NO_COMMON_BLOCKS = YES;
				GCC_WARN_64_TO_32_BIT_CONVERSION = YES;
				GCC_WARN_ABOUT_RETURN_TYPE = YES_ERROR;
				GCC_WARN_UNDECLARED_SELECTOR = YES;
				GCC_WARN_UNINITIALIZED_AUTOS = YES_AGGRESSIVE;
				GCC_WARN_UNUSED_FUNCTION = YES;
				GCC_WARN_UNUSED_VARIABLE = YES;
				IPHONEOS_DEPLOYMENT_TARGET = 15.4;
				MTL_ENABLE_DEBUG_INFO = NO;
				MTL_FAST_MATH = YES;
				SDKROOT = iphoneos;
				SWIFT_COMPILATION_MODE = wholemodule;
				SWIFT_OPTIMIZATION_LEVEL = "-O";
				VALIDATE_PRODUCT = YES;
			};
			name = Release;
		};
		127DF936280B519400D9308C /* Debug */ = {
			isa = XCBuildConfiguration;
			buildSettings = {
				ASSETCATALOG_COMPILER_APPICON_NAME = AppIcon;
				ASSETCATALOG_COMPILER_GLOBAL_ACCENT_COLOR_NAME = AccentColor;
				CODE_SIGN_STYLE = Automatic;
				CURRENT_PROJECT_VERSION = 1;
				GENERATE_INFOPLIST_FILE = YES;
				INFOPLIST_FILE = SuperKahramanKitabi/Info.plist;
				INFOPLIST_KEY_UIApplicationSupportsIndirectInputEvents = YES;
				INFOPLIST_KEY_UILaunchStoryboardName = LaunchScreen;
				INFOPLIST_KEY_UIMainStoryboardFile = Main;
				INFOPLIST_KEY_UISupportedInterfaceOrientations_iPad = "UIInterfaceOrientationPortrait UIInterfaceOrientationPortraitUpsideDown UIInterfaceOrientationLandscapeLeft UIInterfaceOrientationLandscapeRight";
				INFOPLIST_KEY_UISupportedInterfaceOrientations_iPhone = "UIInterfaceOrientationPortrait UIInterfaceOrientationLandscapeLeft UIInterfaceOrientationLandscapeRight";
				LD_RUNPATH_SEARCH_PATHS = (
					"$(inherited)",
					"@executable_path/Frameworks",
				);
				MARKETING_VERSION = 1.0;
				PRODUCT_BUNDLE_IDENTIFIER = com.nimetapaydin.SuperKahramanKitabi;
				PRODUCT_NAME = "$(TARGET_NAME)";
				SWIFT_EMIT_LOC_STRINGS = YES;
				SWIFT_VERSION = 5.0;
				TARGETED_DEVICE_FAMILY = "1,2";
			};
			name = Debug;
		};
		127DF937280B519400D9308C /* Release */ = {
			isa = XCBuildConfiguration;
			buildSettings = {
				ASSETCATALOG_COMPILER_APPICON_NAME = AppIcon;
				ASSETCATALOG_COMPILER_GLOBAL_ACCENT_COLOR_NAME = AccentColor;
				CODE_SIGN_STYLE = Automatic;
				CURRENT_PROJECT_VERSION = 1;
				GENERATE_INFOPLIST_FILE = YES;
				INFOPLIST_FILE = SuperKahramanKitabi/Info.plist;
				INFOPLIST_KEY_UIApplicationSupportsIndirectInputEvents = YES;
				INFOPLIST_KEY_UILaunchStoryboardName = LaunchScreen;
				INFOPLIST_KEY_UIMainStoryboardFile = Main;
				INFOPLIST_KEY_UISupportedInterfaceOrientations_iPad = "UIInterfaceOrientationPortrait UIInterfaceOrientationPortraitUpsideDown UIInterfaceOrientationLandscapeLeft UIInterfaceOrientationLandscapeRight";
				INFOPLIST_KEY_UISupportedInterfaceOrientations_iPhone = "UIInterfaceOrientationPortrait UIInterfaceOrientationLandscapeLeft UIInterfaceOrientationLandscapeRight";
				LD_RUNPATH_SEARCH_PATHS = (
					"$(inherited)",
					"@executable_path/Frameworks",
				);
				MARKETING_VERSION = 1.0;
				PRODUCT_BUNDLE_IDENTIFIER = com.nimetapaydin.SuperKahramanKitabi;
				PRODUCT_NAME = "$(TARGET_NAME)";
				SWIFT_EMIT_LOC_STRINGS = YES;
				SWIFT_VERSION = 5.0;
				TARGETED_DEVICE_FAMILY = "1,2";
			};
			name = Release;
		};
		127DF939280B519400D9308C /* Debug */ = {
			isa = XCBuildConfiguration;
			buildSettings = {
				ALWAYS_EMBED_SWIFT_STANDARD_LIBRARIES = YES;
				BUNDLE_LOADER = "$(TEST_HOST)";
				CODE_SIGN_STYLE = Automatic;
				CURRENT_PROJECT_VERSION = 1;
				GENERATE_INFOPLIST_FILE = YES;
				IPHONEOS_DEPLOYMENT_TARGET = 15.4;
				MARKETING_VERSION = 1.0;
				PRODUCT_BUNDLE_IDENTIFIER = com.nimetapaydin.SuperKahramanKitabiTests;
				PRODUCT_NAME = "$(TARGET_NAME)";
				SWIFT_EMIT_LOC_STRINGS = NO;
				SWIFT_VERSION = 5.0;
				TARGETED_DEVICE_FAMILY = "1,2";
				TEST_HOST = "$(BUILT_PRODUCTS_DIR)/SuperKahramanKitabi.app/SuperKahramanKitabi";
			};
			name = Debug;
		};
		127DF93A280B519400D9308C /* Release */ = {
			isa = XCBuildConfiguration;
			buildSettings = {
				ALWAYS_EMBED_SWIFT_STANDARD_LIBRARIES = YES;
				BUNDLE_LOADER = "$(TEST_HOST)";
				CODE_SIGN_STYLE = Automatic;
				CURRENT_PROJECT_VERSION = 1;
				GENERATE_INFOPLIST_FILE = YES;
				IPHONEOS_DEPLOYMENT_TARGET = 15.4;
				MARKETING_VERSION = 1.0;
				PRODUCT_BUNDLE_IDENTIFIER = com.nimetapaydin.SuperKahramanKitabiTests;
				PRODUCT_NAME = "$(TARGET_NAME)";
				SWIFT_EMIT_LOC_STRINGS = NO;
				SWIFT_VERSION = 5.0;
				TARGETED_DEVICE_FAMILY = "1,2";
				TEST_HOST = "$(BUILT_PRODUCTS_DIR)/SuperKahramanKitabi.app/SuperKahramanKitabi";
			};
			name = Release;
		};
		127DF93C280B519400D9308C /* Debug */ = {
			isa = XCBuildConfiguration;
			buildSettings = {
				ALWAYS_EMBED_SWIFT_STANDARD_LIBRARIES = YES;
				CODE_SIGN_STYLE = Automatic;
				CURRENT_PROJECT_VERSION = 1;
				GENERATE_INFOPLIST_FILE = YES;
				MARKETING_VERSION = 1.0;
				PRODUCT_BUNDLE_IDENTIFIER = com.nimetapaydin.SuperKahramanKitabiUITests;
				PRODUCT_NAME = "$(TARGET_NAME)";
				SWIFT_EMIT_LOC_STRINGS = NO;
				SWIFT_VERSION = 5.0;
				TARGETED_DEVICE_FAMILY = "1,2";
				TEST_TARGET_NAME = SuperKahramanKitabi;
			};
			name = Debug;
		};
		127DF93D280B519400D9308C /* Release */ = {
			isa = XCBuildConfiguration;
			buildSettings = {
				ALWAYS_EMBED_SWIFT_STANDARD_LIBRARIES = YES;
				CODE_SIGN_STYLE = Automatic;
				CURRENT_PROJECT_VERSION = 1;
				GENERATE_INFOPLIST_FILE = YES;
				MARKETING_VERSION = 1.0;
				PRODUCT_BUNDLE_IDENTIFIER = com.nimetapaydin.SuperKahramanKitabiUITests;
				PRODUCT_NAME = "$(TARGET_NAME)";
				SWIFT_EMIT_LOC_STRINGS = NO;
				SWIFT_VERSION = 5.0;
				TARGETED_DEVICE_FAMILY = "1,2";
				TEST_TARGET_NAME = SuperKahramanKitabi;
			};
			name = Release;
		};
/* End XCBuildConfiguration section */

/* Begin XCConfigurationList section */
		127DF906280B519300D9308C /* Build configuration list for PBXProject "SuperKahramanKitabi" */ = {
			isa = XCConfigurationList;
			buildConfigurations = (
				127DF933280B519400D9308C /* Debug */,
				127DF934280B519400D9308C /* Release */,
			);
			defaultConfigurationIsVisible = 0;
			defaultConfigurationName = Release;
		};
		127DF935280B519400D9308C /* Build configuration list for PBXNativeTarget "SuperKahramanKitabi" */ = {
			isa = XCConfigurationList;
			buildConfigurations = (
				127DF936280B519400D9308C /* Debug */,
				127DF937280B519400D9308C /* Release */,
			);
			defaultConfigurationIsVisible = 0;
			defaultConfigurationName = Release;
		};
		127DF938280B519400D9308C /* Build configuration list for PBXNativeTarget "SuperKahramanKitabiTests" */ = {
			isa = XCConfigurationList;
			buildConfigurations = (
				127DF939280B519400D9308C /* Debug */,
				127DF93A280B519400D9308C /* Release */,
			);
			defaultConfigurationIsVisible = 0;
			defaultConfigurationName = Release;
		};
		127DF93B280B519400D9308C /* Build configuration list for PBXNativeTarget "SuperKahramanKitabiUITests" */ = {
			isa = XCConfigurationList;
			buildConfigurations = (
				127DF93C280B519400D9308C /* Debug */,
				127DF93D280B519400D9308C /* Release */,
			);
			defaultConfigurationIsVisible = 0;
			defaultConfigurationName = Release;
		};
/* End XCConfigurationList section */
	};
	rootObject = 127DF903280B519300D9308C /* Project object */;
}
